// !$*UTF8*$!
{
	archiveVersion = 1;
	classes = {
	};
	objectVersion = 56;
	objects = {

/* Begin PBXBuildFile section */
		FB352B2F2A49CE60008CB486 /* DesignPatternsApp.swift in Sources */ = {isa = PBXBuildFile; fileRef = FB352B2E2A49CE60008CB486 /* DesignPatternsApp.swift */; };
		FB352B312A49CE60008CB486 /* ContentView.swift in Sources */ = {isa = PBXBuildFile; fileRef = FB352B302A49CE60008CB486 /* ContentView.swift */; };
		FB352B332A49CE62008CB486 /* Assets.xcassets in Resources */ = {isa = PBXBuildFile; fileRef = FB352B322A49CE62008CB486 /* Assets.xcassets */; };
		FB352B362A49CE62008CB486 /* Preview Assets.xcassets in Resources */ = {isa = PBXBuildFile; fileRef = FB352B352A49CE62008CB486 /* Preview Assets.xcassets */; };
		FB352B402A49CE63008CB486 /* DesignPatternsTests.swift in Sources */ = {isa = PBXBuildFile; fileRef = FB352B3F2A49CE63008CB486 /* DesignPatternsTests.swift */; };
		FB352B592A49CE95008CB486 /* AbstractFactory.swift in Sources */ = {isa = PBXBuildFile; fileRef = FB352B582A49CE95008CB486 /* AbstractFactory.swift */; };
		FB352B5B2A49EBD4008CB486 /* Builder.swift in Sources */ = {isa = PBXBuildFile; fileRef = FB352B5A2A49EBD4008CB486 /* Builder.swift */; };
		FB352B5D2A49FA38008CB486 /* FactoryMethod.swift in Sources */ = {isa = PBXBuildFile; fileRef = FB352B5C2A49FA38008CB486 /* FactoryMethod.swift */; };
		FB352B5F2A49FFE4008CB486 /* Prototype.swift in Sources */ = {isa = PBXBuildFile; fileRef = FB352B5E2A49FFE4008CB486 /* Prototype.swift */; };
		FB352B612A4A95F1008CB486 /* Singleton.swift in Sources */ = {isa = PBXBuildFile; fileRef = FB352B602A4A95F1008CB486 /* Singleton.swift */; };
/* End PBXBuildFile section */

/* Begin PBXContainerItemProxy section */
		FB352B3C2A49CE63008CB486 /* PBXContainerItemProxy */ = {
			isa = PBXContainerItemProxy;
			containerPortal = FB352B232A49CE60008CB486 /* Project object */;
			proxyType = 1;
			remoteGlobalIDString = FB352B2A2A49CE60008CB486;
			remoteInfo = DesignPatterns;
		};
/* End PBXContainerItemProxy section */

/* Begin PBXFileReference section */
		FB352B2B2A49CE60008CB486 /* DesignPatterns.app */ = {isa = PBXFileReference; explicitFileType = wrapper.application; includeInIndex = 0; path = DesignPatterns.app; sourceTree = BUILT_PRODUCTS_DIR; };
		FB352B2E2A49CE60008CB486 /* DesignPatternsApp.swift */ = {isa = PBXFileReference; lastKnownFileType = sourcecode.swift; path = DesignPatternsApp.swift; sourceTree = "<group>"; };
		FB352B302A49CE60008CB486 /* ContentView.swift */ = {isa = PBXFileReference; lastKnownFileType = sourcecode.swift; path = ContentView.swift; sourceTree = "<group>"; };
		FB352B322A49CE62008CB486 /* Assets.xcassets */ = {isa = PBXFileReference; lastKnownFileType = folder.assetcatalog; path = Assets.xcassets; sourceTree = "<group>"; };
		FB352B352A49CE62008CB486 /* Preview Assets.xcassets */ = {isa = PBXFileReference; lastKnownFileType = folder.assetcatalog; path = "Preview Assets.xcassets"; sourceTree = "<group>"; };
		FB352B3B2A49CE63008CB486 /* DesignPatternsTests.xctest */ = {isa = PBXFileReference; explicitFileType = wrapper.cfbundle; includeInIndex = 0; path = DesignPatternsTests.xctest; sourceTree = BUILT_PRODUCTS_DIR; };
		FB352B3F2A49CE63008CB486 /* DesignPatternsTests.swift */ = {isa = PBXFileReference; lastKnownFileType = sourcecode.swift; path = DesignPatternsTests.swift; sourceTree = "<group>"; };
		FB352B582A49CE95008CB486 /* AbstractFactory.swift */ = {isa = PBXFileReference; lastKnownFileType = sourcecode.swift; path = AbstractFactory.swift; sourceTree = "<group>"; };
		FB352B5A2A49EBD4008CB486 /* Builder.swift */ = {isa = PBXFileReference; lastKnownFileType = sourcecode.swift; path = Builder.swift; sourceTree = "<group>"; };
		FB352B5C2A49FA38008CB486 /* FactoryMethod.swift */ = {isa = PBXFileReference; lastKnownFileType = sourcecode.swift; path = FactoryMethod.swift; sourceTree = "<group>"; };
		FB352B5E2A49FFE4008CB486 /* Prototype.swift */ = {isa = PBXFileReference; lastKnownFileType = sourcecode.swift; path = Prototype.swift; sourceTree = "<group>"; };
		FB352B602A4A95F1008CB486 /* Singleton.swift */ = {isa = PBXFileReference; lastKnownFileType = sourcecode.swift; path = Singleton.swift; sourceTree = "<group>"; };
/* End PBXFileReference section */

/* Begin PBXFrameworksBuildPhase section */
		FB352B282A49CE60008CB486 /* Frameworks */ = {
			isa = PBXFrameworksBuildPhase;
			buildActionMask = 2147483647;
			files = (
			);
			runOnlyForDeploymentPostprocessing = 0;
		};
		FB352B382A49CE63008CB486 /* Frameworks */ = {
			isa = PBXFrameworksBuildPhase;
			buildActionMask = 2147483647;
			files = (
			);
			runOnlyForDeploymentPostprocessing = 0;
		};
/* End PBXFrameworksBuildPhase section */

/* Begin PBXGroup section */
		FB352B222A49CE60008CB486 = {
			isa = PBXGroup;
			children = (
				FB352B2D2A49CE60008CB486 /* DesignPatterns */,
				FB352B3E2A49CE63008CB486 /* DesignPatternsTests */,
				FB352B2C2A49CE60008CB486 /* Products */,
			);
			sourceTree = "<group>";
		};
		FB352B2C2A49CE60008CB486 /* Products */ = {
			isa = PBXGroup;
			children = (
				FB352B2B2A49CE60008CB486 /* DesignPatterns.app */,
				FB352B3B2A49CE63008CB486 /* DesignPatternsTests.xctest */,
			);
			name = Products;
			sourceTree = "<group>";
		};
		FB352B2D2A49CE60008CB486 /* DesignPatterns */ = {
			isa = PBXGroup;
			children = (
				FB352B2E2A49CE60008CB486 /* DesignPatternsApp.swift */,
				FB352B302A49CE60008CB486 /* ContentView.swift */,
				FB352B322A49CE62008CB486 /* Assets.xcassets */,
				FB352B342A49CE62008CB486 /* Preview Content */,
			);
			path = DesignPatterns;
			sourceTree = "<group>";
		};
		FB352B342A49CE62008CB486 /* Preview Content */ = {
			isa = PBXGroup;
			children = (
				FB352B352A49CE62008CB486 /* Preview Assets.xcassets */,
			);
			path = "Preview Content";
			sourceTree = "<group>";
		};
		FB352B3E2A49CE63008CB486 /* DesignPatternsTests */ = {
			isa = PBXGroup;
			children = (
				FB352B3F2A49CE63008CB486 /* DesignPatternsTests.swift */,
				FB352B582A49CE95008CB486 /* AbstractFactory.swift */,
				FB352B5A2A49EBD4008CB486 /* Builder.swift */,
				FB352B5C2A49FA38008CB486 /* FactoryMethod.swift */,
				FB352B5E2A49FFE4008CB486 /* Prototype.swift */,
				FB352B602A4A95F1008CB486 /* Singleton.swift */,
			);
			path = DesignPatternsTests;
			sourceTree = "<group>";
		};
/* End PBXGroup section */

/* Begin PBXNativeTarget section */
		FB352B2A2A49CE60008CB486 /* DesignPatterns */ = {
			isa = PBXNativeTarget;
			buildConfigurationList = FB352B4F2A49CE63008CB486 /* Build configuration list for PBXNativeTarget "DesignPatterns" */;
			buildPhases = (
				FB352B272A49CE60008CB486 /* Sources */,
				FB352B282A49CE60008CB486 /* Frameworks */,
				FB352B292A49CE60008CB486 /* Resources */,
			);
			buildRules = (
			);
			dependencies = (
			);
			name = DesignPatterns;
			productName = DesignPatterns;
			productReference = FB352B2B2A49CE60008CB486 /* DesignPatterns.app */;
			productType = "com.apple.product-type.application";
		};
		FB352B3A2A49CE63008CB486 /* DesignPatternsTests */ = {
			isa = PBXNativeTarget;
			buildConfigurationList = FB352B522A49CE63008CB486 /* Build configuration list for PBXNativeTarget "DesignPatternsTests" */;
			buildPhases = (
				FB352B372A49CE63008CB486 /* Sources */,
				FB352B382A49CE63008CB486 /* Frameworks */,
				FB352B392A49CE63008CB486 /* Resources */,
			);
			buildRules = (
			);
			dependencies = (
				FB352B3D2A49CE63008CB486 /* PBXTargetDependency */,
			);
			name = DesignPatternsTests;
			productName = DesignPatternsTests;
			productReference = FB352B3B2A49CE63008CB486 /* DesignPatternsTests.xctest */;
			productType = "com.apple.product-type.bundle.unit-test";
		};
/* End PBXNativeTarget section */

/* Begin PBXProject section */
		FB352B232A49CE60008CB486 /* Project object */ = {
			isa = PBXProject;
			attributes = {
				BuildIndependentTargetsInParallel = 1;
				LastSwiftUpdateCheck = 1430;
				LastUpgradeCheck = 1430;
				TargetAttributes = {
					FB352B2A2A49CE60008CB486 = {
						CreatedOnToolsVersion = 14.3.1;
					};
					FB352B3A2A49CE63008CB486 = {
						CreatedOnToolsVersion = 14.3.1;
						TestTargetID = FB352B2A2A49CE60008CB486;
					};
				};
			};
			buildConfigurationList = FB352B262A49CE60008CB486 /* Build configuration list for PBXProject "DesignPatterns" */;
			compatibilityVersion = "Xcode 14.0";
			developmentRegion = en;
			hasScannedForEncodings = 0;
			knownRegions = (
				en,
				Base,
			);
			mainGroup = FB352B222A49CE60008CB486;
			productRefGroup = FB352B2C2A49CE60008CB486 /* Products */;
			projectDirPath = "";
			projectRoot = "";
			targets = (
				FB352B2A2A49CE60008CB486 /* DesignPatterns */,
				FB352B3A2A49CE63008CB486 /* DesignPatternsTests */,
			);
		};
/* End PBXProject section */

/* Begin PBXResourcesBuildPhase section */
		FB352B292A49CE60008CB486 /* Resources */ = {
			isa = PBXResourcesBuildPhase;
			buildActionMask = 2147483647;
			files = (
				FB352B362A49CE62008CB486 /* Preview Assets.xcassets in Resources */,
				FB352B332A49CE62008CB486 /* Assets.xcassets in Resources */,
			);
			runOnlyForDeploymentPostprocessing = 0;
		};
		FB352B392A49CE63008CB486 /* Resources */ = {
			isa = PBXResourcesBuildPhase;
			buildActionMask = 2147483647;
			files = (
			);
			runOnlyForDeploymentPostprocessing = 0;
		};
/* End PBXResourcesBuildPhase section */

/* Begin PBXSourcesBuildPhase section */
		FB352B272A49CE60008CB486 /* Sources */ = {
			isa = PBXSourcesBuildPhase;
			buildActionMask = 2147483647;
			files = (
				FB352B312A49CE60008CB486 /* ContentView.swift in Sources */,
				FB352B2F2A49CE60008CB486 /* DesignPatternsApp.swift in Sources */,
			);
			runOnlyForDeploymentPostprocessing = 0;
		};
		FB352B372A49CE63008CB486 /* Sources */ = {
			isa = PBXSourcesBuildPhase;
			buildActionMask = 2147483647;
			files = (
				FB352B592A49CE95008CB486 /* AbstractFactory.swift in Sources */,
				FB352B612A4A95F1008CB486 /* Singleton.swift in Sources */,
				FB352B5F2A49FFE4008CB486 /* Prototype.swift in Sources */,
				FB352B402A49CE63008CB486 /* DesignPatternsTests.swift in Sources */,
				FB352B5B2A49EBD4008CB486 /* Builder.swift in Sources */,
				FB352B5D2A49FA38008CB486 /* FactoryMethod.swift in Sources */,
			);
			runOnlyForDeploymentPostprocessing = 0;
		};
/* End PBXSourcesBuildPhase section */

/* Begin PBXTargetDependency section */
		FB352B3D2A49CE63008CB486 /* PBXTargetDependency */ = {
			isa = PBXTargetDependency;
			target = FB352B2A2A49CE60008CB486 /* DesignPatterns */;
			targetProxy = FB352B3C2A49CE63008CB486 /* PBXContainerItemProxy */;
		};
/* End PBXTargetDependency section */

/* Begin XCBuildConfiguration section */
		FB352B4D2A49CE63008CB486 /* Debug */ = {
			isa = XCBuildConfiguration;
			buildSettings = {
				ALWAYS_SEARCH_USER_PATHS = NO;
				CLANG_ANALYZER_NONNULL = YES;
				CLANG_ANALYZER_NUMBER_OBJECT_CONVERSION = YES_AGGRESSIVE;
				CLANG_CXX_LANGUAGE_STANDARD = "gnu++20";
				CLANG_ENABLE_MODULES = YES;
				CLANG_ENABLE_OBJC_ARC = YES;
				CLANG_ENABLE_OBJC_WEAK = YES;
				CLANG_WARN_BLOCK_CAPTURE_AUTORELEASING = YES;
				CLANG_WARN_BOOL_CONVERSION = YES;
				CLANG_WARN_COMMA = YES;
				CLANG_WARN_CONSTANT_CONVERSION = YES;
				CLANG_WARN_DEPRECATED_OBJC_IMPLEMENTATIONS = YES;
				CLANG_WARN_DIRECT_OBJC_ISA_USAGE = YES_ERROR;
				CLANG_WARN_DOCUMENTATION_COMMENTS = YES;
				CLANG_WARN_EMPTY_BODY = YES;
				CLANG_WARN_ENUM_CONVERSION = YES;
				CLANG_WARN_INFINITE_RECURSION = YES;
				CLANG_WARN_INT_CONVERSION = YES;
				CLANG_WARN_NON_LITERAL_NULL_CONVERSION = YES;
				CLANG_WARN_OBJC_IMPLICIT_RETAIN_SELF = YES;
				CLANG_WARN_OBJC_LITERAL_CONVERSION = YES;
				CLANG_WARN_OBJC_ROOT_CLASS = YES_ERROR;
				CLANG_WARN_QUOTED_INCLUDE_IN_FRAMEWORK_HEADER = YES;
				CLANG_WARN_RANGE_LOOP_ANALYSIS = YES;
				CLANG_WARN_STRICT_PROTOTYPES = YES;
				CLANG_WARN_SUSPICIOUS_MOVE = YES;
				CLANG_WARN_UNGUARDED_AVAILABILITY = YES_AGGRESSIVE;
				CLANG_WARN_UNREACHABLE_CODE = YES;
				CLANG_WARN__DUPLICATE_METHOD_MATCH = YES;
				COPY_PHASE_STRIP = NO;
				DEBUG_INFORMATION_FORMAT = dwarf;
				ENABLE_STRICT_OBJC_MSGSEND = YES;
				ENABLE_TESTABILITY = YES;
				GCC_C_LANGUAGE_STANDARD = gnu11;
				GCC_DYNAMIC_NO_PIC = NO;
				GCC_NO_COMMON_BLOCKS = YES;
				GCC_OPTIMIZATION_LEVEL = 0;
				GCC_PREPROCESSOR_DEFINITIONS = (
					"DEBUG=1",
					"$(inherited)",
				);
				GCC_WARN_64_TO_32_BIT_CONVERSION = YES;
				GCC_WARN_ABOUT_RETURN_TYPE = YES_ERROR;
				GCC_WARN_UNDECLARED_SELECTOR = YES;
				GCC_WARN_UNINITIALIZED_AUTOS = YES_AGGRESSIVE;
				GCC_WARN_UNUSED_FUNCTION = YES;
				GCC_WARN_UNUSED_VARIABLE = YES;
				IPHONEOS_DEPLOYMENT_TARGET = 16.4;
				MTL_ENABLE_DEBUG_INFO = INCLUDE_SOURCE;
				MTL_FAST_MATH = YES;
				ONLY_ACTIVE_ARCH = YES;
				SDKROOT = iphoneos;
				SWIFT_ACTIVE_COMPILATION_CONDITIONS = DEBUG;
				SWIFT_OPTIMIZATION_LEVEL = "-Onone";
			};
			name = Debug;
		};
		FB352B4E2A49CE63008CB486 /* Release */ = {
			isa = XCBuildConfiguration;
			buildSettings = {
				ALWAYS_SEARCH_USER_PATHS = NO;
				CLANG_ANALYZER_NONNULL = YES;
				CLANG_ANALYZER_NUMBER_OBJECT_CONVERSION = YES_AGGRESSIVE;
				CLANG_CXX_LANGUAGE_STANDARD = "gnu++20";
				CLANG_ENABLE_MODULES = YES;
				CLANG_ENABLE_OBJC_ARC = YES;
				CLANG_ENABLE_OBJC_WEAK = YES;
				CLANG_WARN_BLOCK_CAPTURE_AUTORELEASING = YES;
				CLANG_WARN_BOOL_CONVERSION = YES;
				CLANG_WARN_COMMA = YES;
				CLANG_WARN_CONSTANT_CONVERSION = YES;
				CLANG_WARN_DEPRECATED_OBJC_IMPLEMENTATIONS = YES;
				CLANG_WARN_DIRECT_OBJC_ISA_USAGE = YES_ERROR;
				CLANG_WARN_DOCUMENTATION_COMMENTS = YES;
				CLANG_WARN_EMPTY_BODY = YES;
				CLANG_WARN_ENUM_CONVERSION = YES;
				CLANG_WARN_INFINITE_RECURSION = YES;
				CLANG_WARN_INT_CONVERSION = YES;
				CLANG_WARN_NON_LITERAL_NULL_CONVERSION = YES;
				CLANG_WARN_OBJC_IMPLICIT_RETAIN_SELF = YES;
				CLANG_WARN_OBJC_LITERAL_CONVERSION = YES;
				CLANG_WARN_OBJC_ROOT_CLASS = YES_ERROR;
				CLANG_WARN_QUOTED_INCLUDE_IN_FRAMEWORK_HEADER = YES;
				CLANG_WARN_RANGE_LOOP_ANALYSIS = YES;
				CLANG_WARN_STRICT_PROTOTYPES = YES;
				CLANG_WARN_SUSPICIOUS_MOVE = YES;
				CLANG_WARN_UNGUARDED_AVAILABILITY = YES_AGGRESSIVE;
				CLANG_WARN_UNREACHABLE_CODE = YES;
				CLANG_WARN__DUPLICATE_METHOD_MATCH = YES;
				COPY_PHASE_STRIP = NO;
				DEBUG_INFORMATION_FORMAT = "dwarf-with-dsym";
				ENABLE_NS_ASSERTIONS = NO;
				ENABLE_STRICT_OBJC_MSGSEND = YES;
				GCC_C_LANGUAGE_STANDARD = gnu11;
				GCC_NO_COMMON_BLOCKS = YES;
				GCC_WARN_64_TO_32_BIT_CONVERSION = YES;
				GCC_WARN_ABOUT_RETURN_TYPE = YES_ERROR;
				GCC_WARN_UNDECLARED_SELECTOR = YES;
				GCC_WARN_UNINITIALIZED_AUTOS = YES_AGGRESSIVE;
				GCC_WARN_UNUSED_FUNCTION = YES;
				GCC_WARN_UNUSED_VARIABLE = YES;
				IPHONEOS_DEPLOYMENT_TARGET = 16.4;
				MTL_ENABLE_DEBUG_INFO = NO;
				MTL_FAST_MATH = YES;
				SDKROOT = iphoneos;
				SWIFT_COMPILATION_MODE = wholemodule;
				SWIFT_OPTIMIZATION_LEVEL = "-O";
				VALIDATE_PRODUCT = YES;
			};
			name = Release;
		};
		FB352B502A49CE63008CB486 /* Debug */ = {
			isa = XCBuildConfiguration;
			buildSettings = {
				ASSETCATALOG_COMPILER_APPICON_NAME = AppIcon;
				ASSETCATALOG_COMPILER_GLOBAL_ACCENT_COLOR_NAME = AccentColor;
				CODE_SIGN_STYLE = Automatic;
				CURRENT_PROJECT_VERSION = 1;
				DEVELOPMENT_ASSET_PATHS = "\"DesignPatterns/Preview Content\"";
				DEVELOPMENT_TEAM = 3V88CP9Q7V;
				ENABLE_PREVIEWS = YES;
				GENERATE_INFOPLIST_FILE = YES;
				INFOPLIST_KEY_UIApplicationSceneManifest_Generation = YES;
				INFOPLIST_KEY_UIApplicationSupportsIndirectInputEvents = YES;
				INFOPLIST_KEY_UILaunchScreen_Generation = YES;
				INFOPLIST_KEY_UISupportedInterfaceOrientations_iPad = "UIInterfaceOrientationPortrait UIInterfaceOrientationPortraitUpsideDown UIInterfaceOrientationLandscapeLeft UIInterfaceOrientationLandscapeRight";
				INFOPLIST_KEY_UISupportedInterfaceOrientations_iPhone = "UIInterfaceOrientationPortrait UIInterfaceOrientationLandscapeLeft UIInterfaceOrientationLandscapeRight";
				LD_RUNPATH_SEARCH_PATHS = (
					"$(inherited)",
					"@executable_path/Frameworks",
				);
				MARKETING_VERSION = 1.0;
				PRODUCT_BUNDLE_IDENTIFIER = com.dannibrito.DesignPatterns;
				PRODUCT_NAME = "$(TARGET_NAME)";
				SWIFT_EMIT_LOC_STRINGS = YES;
				SWIFT_VERSION = 5.0;
				TARGETED_DEVICE_FAMILY = "1,2";
			};
			name = Debug;
		};
		FB352B512A49CE63008CB486 /* Release */ = {
			isa = XCBuildConfiguration;
			buildSettings = {
				ASSETCATALOG_COMPILER_APPICON_NAME = AppIcon;
				ASSETCATALOG_COMPILER_GLOBAL_ACCENT_COLOR_NAME = AccentColor;
				CODE_SIGN_STYLE = Automatic;
				CURRENT_PROJECT_VERSION = 1;
				DEVELOPMENT_ASSET_PATHS = "\"DesignPatterns/Preview Content\"";
				DEVELOPMENT_TEAM = 3V88CP9Q7V;
				ENABLE_PREVIEWS = YES;
				GENERATE_INFOPLIST_FILE = YES;
				INFOPLIST_KEY_UIApplicationSceneManifest_Generation = YES;
				INFOPLIST_KEY_UIApplicationSupportsIndirectInputEvents = YES;
				INFOPLIST_KEY_UILaunchScreen_Generation = YES;
				INFOPLIST_KEY_UISupportedInterfaceOrientations_iPad = "UIInterfaceOrientationPortrait UIInterfaceOrientationPortraitUpsideDown UIInterfaceOrientationLandscapeLeft UIInterfaceOrientationLandscapeRight";
				INFOPLIST_KEY_UISupportedInterfaceOrientations_iPhone = "UIInterfaceOrientationPortrait UIInterfaceOrientationLandscapeLeft UIInterfaceOrientationLandscapeRight";
				LD_RUNPATH_SEARCH_PATHS = (
					"$(inherited)",
					"@executable_path/Frameworks",
				);
				MARKETING_VERSION = 1.0;
				PRODUCT_BUNDLE_IDENTIFIER = com.dannibrito.DesignPatterns;
				PRODUCT_NAME = "$(TARGET_NAME)";
				SWIFT_EMIT_LOC_STRINGS = YES;
				SWIFT_VERSION = 5.0;
				TARGETED_DEVICE_FAMILY = "1,2";
			};
			name = Release;
		};
		FB352B532A49CE63008CB486 /* Debug */ = {
			isa = XCBuildConfiguration;
			buildSettings = {
				ALWAYS_EMBED_SWIFT_STANDARD_LIBRARIES = YES;
				BUNDLE_LOADER = "$(TEST_HOST)";
				CODE_SIGN_STYLE = Automatic;
				CURRENT_PROJECT_VERSION = 1;
				DEVELOPMENT_TEAM = 3V88CP9Q7V;
				GENERATE_INFOPLIST_FILE = YES;
				IPHONEOS_DEPLOYMENT_TARGET = 16.4;
				MARKETING_VERSION = 1.0;
				PRODUCT_BUNDLE_IDENTIFIER = com.dannibrito.DesignPatternsTests;
				PRODUCT_NAME = "$(TARGET_NAME)";
				SWIFT_EMIT_LOC_STRINGS = NO;
				SWIFT_VERSION = 5.0;
				TARGETED_DEVICE_FAMILY = "1,2";
				TEST_HOST = "$(BUILT_PRODUCTS_DIR)/DesignPatterns.app/$(BUNDLE_EXECUTABLE_FOLDER_PATH)/DesignPatterns";
			};
			name = Debug;
		};
		FB352B542A49CE63008CB486 /* Release */ = {
			isa = XCBuildConfiguration;
			buildSettings = {
				ALWAYS_EMBED_SWIFT_STANDARD_LIBRARIES = YES;
				BUNDLE_LOADER = "$(TEST_HOST)";
				CODE_SIGN_STYLE = Automatic;
				CURRENT_PROJECT_VERSION = 1;
				DEVELOPMENT_TEAM = 3V88CP9Q7V;
				GENERATE_INFOPLIST_FILE = YES;
				IPHONEOS_DEPLOYMENT_TARGET = 16.4;
				MARKETING_VERSION = 1.0;
				PRODUCT_BUNDLE_IDENTIFIER = com.dannibrito.DesignPatternsTests;
				PRODUCT_NAME = "$(TARGET_NAME)";
				SWIFT_EMIT_LOC_STRINGS = NO;
				SWIFT_VERSION = 5.0;
				TARGETED_DEVICE_FAMILY = "1,2";
				TEST_HOST = "$(BUILT_PRODUCTS_DIR)/DesignPatterns.app/$(BUNDLE_EXECUTABLE_FOLDER_PATH)/DesignPatterns";
			};
			name = Release;
		};
/* End XCBuildConfiguration section */

/* Begin XCConfigurationList section */
		FB352B262A49CE60008CB486 /* Build configuration list for PBXProject "DesignPatterns" */ = {
			isa = XCConfigurationList;
			buildConfigurations = (
				FB352B4D2A49CE63008CB486 /* Debug */,
				FB352B4E2A49CE63008CB486 /* Release */,
			);
			defaultConfigurationIsVisible = 0;
			defaultConfigurationName = Release;
		};
		FB352B4F2A49CE63008CB486 /* Build configuration list for PBXNativeTarget "DesignPatterns" */ = {
			isa = XCConfigurationList;
			buildConfigurations = (
				FB352B502A49CE63008CB486 /* Debug */,
				FB352B512A49CE63008CB486 /* Release */,
			);
			defaultConfigurationIsVisible = 0;
			defaultConfigurationName = Release;
		};
		FB352B522A49CE63008CB486 /* Build configuration list for PBXNativeTarget "DesignPatternsTests" */ = {
			isa = XCConfigurationList;
			buildConfigurations = (
				FB352B532A49CE63008CB486 /* Debug */,
				FB352B542A49CE63008CB486 /* Release */,
			);
			defaultConfigurationIsVisible = 0;
			defaultConfigurationName = Release;
		};
/* End XCConfigurationList section */
	};
	rootObject = FB352B232A49CE60008CB486 /* Project object */;
}
